
Microsoft Visual Studio Solution File, Format Version 12.00
# Visual Studio Version 17
VisualStudioVersion = 17.7.34221.43
MinimumVisualStudioVersion = 10.0.40219.1
Project("{FAE04EC0-301F-11D3-BF4B-00C04F79EFBC}") = "Core", "Core\Core.csproj", "{82EBAB92-8FC9-4132-9C6C-160761208F9B}"
EndProject
Global
	GlobalSection(SolutionConfigurationPlatforms) = preSolution
		Debug|Any CPU = Debug|Any CPU
		Release|Any CPU = Release|Any CPU
	EndGlobalSection
	GlobalSection(ProjectConfigurationPlatforms) = postSolution
		{82EBAB92-8FC9-4132-9C6C-160761208F9B}.Debug|Any CPU.ActiveCfg = Debug|Any CPU
		{82EBAB92-8FC9-4132-9C6C-160761208F9B}.Debug|Any CPU.Build.0 = Debug|Any CPU
		{82EBAB92-8FC9-4132-9C6C-160761208F9B}.Release|Any CPU.ActiveCfg = Release|Any CPU
		{82EBAB92-8FC9-4132-9C6C-160761208F9B}.Release|Any CPU.Build.0 = Release|Any CPU
	EndGlobalSection
	GlobalSection(SolutionProperties) = preSolution
		HideSolutionNode = FALSE
	EndGlobalSection
	GlobalSection(ExtensibilityGlobals) = postSolution
		SolutionGuid = {D70F42BC-31E1-448A-B93A-EBBA3DC06615}
	EndGlobalSection
EndGlobal
