
Microsoft Visual Studio Solution File, Format Version 12.00
# Visual Studio Version 17
VisualStudioVersion = 17.7.34221.43
MinimumVisualStudioVersion = 10.0.40219.1
Project("{9A19103F-16F7-4668-BE54-9A1E7A4F7556}") = "Core", "Core\Core.csproj", "{82EBAB92-8FC9-4132-9C6C-160761208F9B}"
EndProject
Project("{2150E333-8FDC-42A3-9474-1A3956D46DE8}") = "Solution Items", "Solution Items", "{E5990ABF-F9E1-4804-B6D7-B50CC4CF736E}"
	ProjectSection(SolutionItems) = preProject
		.gitignore = .gitignore
	EndProjectSection
EndProject
Project("{FAE04EC0-301F-11D3-BF4B-00C04F79EFBC}") = "Repository", "Repository\Repository.csproj", "{500D1FB3-0FB7-4EB7-8DDB-7A497894A7BE}"
EndProject
Project("{FAE04EC0-301F-11D3-BF4B-00C04F79EFBC}") = "Service", "Service\Service.csproj", "{A6663F43-E79F-4248-978C-75D14DD3D144}"
EndProject
Project("{FAE04EC0-301F-11D3-BF4B-00C04F79EFBC}") = "API", "API\API.csproj", "{F1AE8C8F-A4AB-4118-9DAF-B6101819B227}"
EndProject
Global
	GlobalSection(SolutionConfigurationPlatforms) = preSolution
		Debug|Any CPU = Debug|Any CPU
		Release|Any CPU = Release|Any CPU
	EndGlobalSection
	GlobalSection(ProjectConfigurationPlatforms) = postSolution
		{82EBAB92-8FC9-4132-9C6C-160761208F9B}.Debug|Any CPU.ActiveCfg = Debug|Any CPU
		{82EBAB92-8FC9-4132-9C6C-160761208F9B}.Debug|Any CPU.Build.0 = Debug|Any CPU
		{82EBAB92-8FC9-4132-9C6C-160761208F9B}.Release|Any CPU.ActiveCfg = Release|Any CPU
		{82EBAB92-8FC9-4132-9C6C-160761208F9B}.Release|Any CPU.Build.0 = Release|Any CPU
		{500D1FB3-0FB7-4EB7-8DDB-7A497894A7BE}.Debug|Any CPU.ActiveCfg = Debug|Any CPU
		{500D1FB3-0FB7-4EB7-8DDB-7A497894A7BE}.Debug|Any CPU.Build.0 = Debug|Any CPU
		{500D1FB3-0FB7-4EB7-8DDB-7A497894A7BE}.Release|Any CPU.ActiveCfg = Release|Any CPU
		{500D1FB3-0FB7-4EB7-8DDB-7A497894A7BE}.Release|Any CPU.Build.0 = Release|Any CPU
		{A6663F43-E79F-4248-978C-75D14DD3D144}.Debug|Any CPU.ActiveCfg = Debug|Any CPU
		{A6663F43-E79F-4248-978C-75D14DD3D144}.Debug|Any CPU.Build.0 = Debug|Any CPU
		{A6663F43-E79F-4248-978C-75D14DD3D144}.Release|Any CPU.ActiveCfg = Release|Any CPU
		{A6663F43-E79F-4248-978C-75D14DD3D144}.Release|Any CPU.Build.0 = Release|Any CPU
		{F1AE8C8F-A4AB-4118-9DAF-B6101819B227}.Debug|Any CPU.ActiveCfg = Debug|Any CPU
		{F1AE8C8F-A4AB-4118-9DAF-B6101819B227}.Debug|Any CPU.Build.0 = Debug|Any CPU
		{F1AE8C8F-A4AB-4118-9DAF-B6101819B227}.Release|Any CPU.ActiveCfg = Release|Any CPU
		{F1AE8C8F-A4AB-4118-9DAF-B6101819B227}.Release|Any CPU.Build.0 = Release|Any CPU
	EndGlobalSection
	GlobalSection(SolutionProperties) = preSolution
		HideSolutionNode = FALSE
	EndGlobalSection
	GlobalSection(ExtensibilityGlobals) = postSolution
		SolutionGuid = {D70F42BC-31E1-448A-B93A-EBBA3DC06615}
	EndGlobalSection
EndGlobal
